// !$*UTF8*$!
{
	archiveVersion = 1;
	classes = {
	};
	objectVersion = 50;
	objects = {

/* Begin PBXBuildFile section */
		7AE17B4F20C7839100DA33D7 /* AppDelegate.swift in Sources */ = {isa = PBXBuildFile; fileRef = 7AE17B4E20C7839100DA33D7 /* AppDelegate.swift */; };
		7AE17B5120C7839100DA33D7 /* MainViewController.swift in Sources */ = {isa = PBXBuildFile; fileRef = 7AE17B5020C7839100DA33D7 /* MainViewController.swift */; };
		7AE17B5420C7839100DA33D7 /* Main.storyboard in Resources */ = {isa = PBXBuildFile; fileRef = 7AE17B5220C7839100DA33D7 /* Main.storyboard */; };
		7AE17B5620C7839200DA33D7 /* Assets.xcassets in Resources */ = {isa = PBXBuildFile; fileRef = 7AE17B5520C7839200DA33D7 /* Assets.xcassets */; };
		7AE17B5920C7839200DA33D7 /* LaunchScreen.storyboard in Resources */ = {isa = PBXBuildFile; fileRef = 7AE17B5720C7839200DA33D7 /* LaunchScreen.storyboard */; };
		7AE17B6420C7839200DA33D7 /* Calculate_Text_SizeTests.swift in Sources */ = {isa = PBXBuildFile; fileRef = 7AE17B6320C7839200DA33D7 /* Calculate_Text_SizeTests.swift */; };
		7AE17B6F20C7839200DA33D7 /* Calculate_Text_SizeUITests.swift in Sources */ = {isa = PBXBuildFile; fileRef = 7AE17B6E20C7839200DA33D7 /* Calculate_Text_SizeUITests.swift */; };
		7AE17B7D20C7F0D000DA33D7 /* String+XWExtesion.swift in Sources */ = {isa = PBXBuildFile; fileRef = 7AE17B7C20C7F0D000DA33D7 /* String+XWExtesion.swift */; };
/* End PBXBuildFile section */

/* Begin PBXContainerItemProxy section */
		7AE17B6020C7839200DA33D7 /* PBXContainerItemProxy */ = {
			isa = PBXContainerItemProxy;
			containerPortal = 7AE17B4320C7839100DA33D7 /* Project object */;
			proxyType = 1;
			remoteGlobalIDString = 7AE17B4A20C7839100DA33D7;
			remoteInfo = "Calculate-Text-Size";
		};
		7AE17B6B20C7839200DA33D7 /* PBXContainerItemProxy */ = {
			isa = PBXContainerItemProxy;
			containerPortal = 7AE17B4320C7839100DA33D7 /* Project object */;
			proxyType = 1;
			remoteGlobalIDString = 7AE17B4A20C7839100DA33D7;
			remoteInfo = "Calculate-Text-Size";
		};
/* End PBXContainerItemProxy section */

/* Begin PBXFileReference section */
		7AE17B4B20C7839100DA33D7 /* Calculate-Text-Size.app */ = {isa = PBXFileReference; explicitFileType = wrapper.application; includeInIndex = 0; path = "Calculate-Text-Size.app"; sourceTree = BUILT_PRODUCTS_DIR; };
		7AE17B4E20C7839100DA33D7 /* AppDelegate.swift */ = {isa = PBXFileReference; lastKnownFileType = sourcecode.swift; path = AppDelegate.swift; sourceTree = "<group>"; };
		7AE17B5020C7839100DA33D7 /* MainViewController.swift */ = {isa = PBXFileReference; lastKnownFileType = sourcecode.swift; path = MainViewController.swift; sourceTree = "<group>"; };
		7AE17B5320C7839100DA33D7 /* Base */ = {isa = PBXFileReference; lastKnownFileType = file.storyboard; name = Base; path = Base.lproj/Main.storyboard; sourceTree = "<group>"; };
		7AE17B5520C7839200DA33D7 /* Assets.xcassets */ = {isa = PBXFileReference; lastKnownFileType = folder.assetcatalog; path = Assets.xcassets; sourceTree = "<group>"; };
		7AE17B5820C7839200DA33D7 /* Base */ = {isa = PBXFileReference; lastKnownFileType = file.storyboard; name = Base; path = Base.lproj/LaunchScreen.storyboard; sourceTree = "<group>"; };
		7AE17B5A20C7839200DA33D7 /* Info.plist */ = {isa = PBXFileReference; lastKnownFileType = text.plist.xml; path = Info.plist; sourceTree = "<group>"; };
		7AE17B5F20C7839200DA33D7 /* Calculate-Text-SizeTests.xctest */ = {isa = PBXFileReference; explicitFileType = wrapper.cfbundle; includeInIndex = 0; path = "Calculate-Text-SizeTests.xctest"; sourceTree = BUILT_PRODUCTS_DIR; };
		7AE17B6320C7839200DA33D7 /* Calculate_Text_SizeTests.swift */ = {isa = PBXFileReference; lastKnownFileType = sourcecode.swift; path = Calculate_Text_SizeTests.swift; sourceTree = "<group>"; };
		7AE17B6520C7839200DA33D7 /* Info.plist */ = {isa = PBXFileReference; lastKnownFileType = text.plist.xml; path = Info.plist; sourceTree = "<group>"; };
		7AE17B6A20C7839200DA33D7 /* Calculate-Text-SizeUITests.xctest */ = {isa = PBXFileReference; explicitFileType = wrapper.cfbundle; includeInIndex = 0; path = "Calculate-Text-SizeUITests.xctest"; sourceTree = BUILT_PRODUCTS_DIR; };
		7AE17B6E20C7839200DA33D7 /* Calculate_Text_SizeUITests.swift */ = {isa = PBXFileReference; lastKnownFileType = sourcecode.swift; path = Calculate_Text_SizeUITests.swift; sourceTree = "<group>"; };
		7AE17B7020C7839200DA33D7 /* Info.plist */ = {isa = PBXFileReference; lastKnownFileType = text.plist.xml; path = Info.plist; sourceTree = "<group>"; };
		7AE17B7C20C7F0D000DA33D7 /* String+XWExtesion.swift */ = {isa = PBXFileReference; lastKnownFileType = sourcecode.swift; path = "String+XWExtesion.swift"; sourceTree = "<group>"; };
/* End PBXFileReference section */

/* Begin PBXFrameworksBuildPhase section */
		7AE17B4820C7839100DA33D7 /* Frameworks */ = {
			isa = PBXFrameworksBuildPhase;
			buildActionMask = 2147483647;
			files = (
			);
			runOnlyForDeploymentPostprocessing = 0;
		};
		7AE17B5C20C7839200DA33D7 /* Frameworks */ = {
			isa = PBXFrameworksBuildPhase;
			buildActionMask = 2147483647;
			files = (
			);
			runOnlyForDeploymentPostprocessing = 0;
		};
		7AE17B6720C7839200DA33D7 /* Frameworks */ = {
			isa = PBXFrameworksBuildPhase;
			buildActionMask = 2147483647;
			files = (
			);
			runOnlyForDeploymentPostprocessing = 0;
		};
/* End PBXFrameworksBuildPhase section */

/* Begin PBXGroup section */
		7AE17B4220C7839100DA33D7 = {
			isa = PBXGroup;
			children = (
				7AE17B4D20C7839100DA33D7 /* Calculate-Text-Size */,
				7AE17B6220C7839200DA33D7 /* Calculate-Text-SizeTests */,
				7AE17B6D20C7839200DA33D7 /* Calculate-Text-SizeUITests */,
				7AE17B4C20C7839100DA33D7 /* Products */,
			);
			sourceTree = "<group>";
		};
		7AE17B4C20C7839100DA33D7 /* Products */ = {
			isa = PBXGroup;
			children = (
				7AE17B4B20C7839100DA33D7 /* Calculate-Text-Size.app */,
				7AE17B5F20C7839200DA33D7 /* Calculate-Text-SizeTests.xctest */,
				7AE17B6A20C7839200DA33D7 /* Calculate-Text-SizeUITests.xctest */,
			);
			name = Products;
			sourceTree = "<group>";
		};
		7AE17B4D20C7839100DA33D7 /* Calculate-Text-Size */ = {
			isa = PBXGroup;
			children = (
				7AE17B4E20C7839100DA33D7 /* AppDelegate.swift */,
				7AE17B5020C7839100DA33D7 /* MainViewController.swift */,
				7AE17B7C20C7F0D000DA33D7 /* String+XWExtesion.swift */,
				7AE17B5220C7839100DA33D7 /* Main.storyboard */,
				7AE17B5520C7839200DA33D7 /* Assets.xcassets */,
				7AE17B5720C7839200DA33D7 /* LaunchScreen.storyboard */,
				7AE17B5A20C7839200DA33D7 /* Info.plist */,
			);
			path = "Calculate-Text-Size";
			sourceTree = "<group>";
		};
		7AE17B6220C7839200DA33D7 /* Calculate-Text-SizeTests */ = {
			isa = PBXGroup;
			children = (
				7AE17B6320C7839200DA33D7 /* Calculate_Text_SizeTests.swift */,
				7AE17B6520C7839200DA33D7 /* Info.plist */,
			);
			path = "Calculate-Text-SizeTests";
			sourceTree = "<group>";
		};
		7AE17B6D20C7839200DA33D7 /* Calculate-Text-SizeUITests */ = {
			isa = PBXGroup;
			children = (
				7AE17B6E20C7839200DA33D7 /* Calculate_Text_SizeUITests.swift */,
				7AE17B7020C7839200DA33D7 /* Info.plist */,
			);
			path = "Calculate-Text-SizeUITests";
			sourceTree = "<group>";
		};
/* End PBXGroup section */

/* Begin PBXNativeTarget section */
		7AE17B4A20C7839100DA33D7 /* Calculate-Text-Size */ = {
			isa = PBXNativeTarget;
			buildConfigurationList = 7AE17B7320C7839200DA33D7 /* Build configuration list for PBXNativeTarget "Calculate-Text-Size" */;
			buildPhases = (
				7AE17B4720C7839100DA33D7 /* Sources */,
				7AE17B4820C7839100DA33D7 /* Frameworks */,
				7AE17B4920C7839100DA33D7 /* Resources */,
			);
			buildRules = (
			);
			dependencies = (
			);
			name = "Calculate-Text-Size";
			productName = "Calculate-Text-Size";
			productReference = 7AE17B4B20C7839100DA33D7 /* Calculate-Text-Size.app */;
			productType = "com.apple.product-type.application";
		};
		7AE17B5E20C7839200DA33D7 /* Calculate-Text-SizeTests */ = {
			isa = PBXNativeTarget;
			buildConfigurationList = 7AE17B7620C7839200DA33D7 /* Build configuration list for PBXNativeTarget "Calculate-Text-SizeTests" */;
			buildPhases = (
				7AE17B5B20C7839200DA33D7 /* Sources */,
				7AE17B5C20C7839200DA33D7 /* Frameworks */,
				7AE17B5D20C7839200DA33D7 /* Resources */,
			);
			buildRules = (
			);
			dependencies = (
				7AE17B6120C7839200DA33D7 /* PBXTargetDependency */,
			);
			name = "Calculate-Text-SizeTests";
			productName = "Calculate-Text-SizeTests";
			productReference = 7AE17B5F20C7839200DA33D7 /* Calculate-Text-SizeTests.xctest */;
			productType = "com.apple.product-type.bundle.unit-test";
		};
		7AE17B6920C7839200DA33D7 /* Calculate-Text-SizeUITests */ = {
			isa = PBXNativeTarget;
			buildConfigurationList = 7AE17B7920C7839200DA33D7 /* Build configuration list for PBXNativeTarget "Calculate-Text-SizeUITests" */;
			buildPhases = (
				7AE17B6620C7839200DA33D7 /* Sources */,
				7AE17B6720C7839200DA33D7 /* Frameworks */,
				7AE17B6820C7839200DA33D7 /* Resources */,
			);
			buildRules = (
			);
			dependencies = (
				7AE17B6C20C7839200DA33D7 /* PBXTargetDependency */,
			);
			name = "Calculate-Text-SizeUITests";
			productName = "Calculate-Text-SizeUITests";
			productReference = 7AE17B6A20C7839200DA33D7 /* Calculate-Text-SizeUITests.xctest */;
			productType = "com.apple.product-type.bundle.ui-testing";
		};
/* End PBXNativeTarget section */

/* Begin PBXProject section */
		7AE17B4320C7839100DA33D7 /* Project object */ = {
			isa = PBXProject;
			attributes = {
				LastSwiftUpdateCheck = 0930;
				LastUpgradeCheck = 0930;
				ORGANIZATIONNAME = xiaowei;
				TargetAttributes = {
					7AE17B4A20C7839100DA33D7 = {
						CreatedOnToolsVersion = 9.3;
					};
					7AE17B5E20C7839200DA33D7 = {
						CreatedOnToolsVersion = 9.3;
						TestTargetID = 7AE17B4A20C7839100DA33D7;
					};
					7AE17B6920C7839200DA33D7 = {
						CreatedOnToolsVersion = 9.3;
						TestTargetID = 7AE17B4A20C7839100DA33D7;
					};
				};
			};
			buildConfigurationList = 7AE17B4620C7839100DA33D7 /* Build configuration list for PBXProject "Calculate-Text-Size" */;
			compatibilityVersion = "Xcode 9.3";
			developmentRegion = en;
			hasScannedForEncodings = 0;
			knownRegions = (
				en,
				Base,
			);
			mainGroup = 7AE17B4220C7839100DA33D7;
			productRefGroup = 7AE17B4C20C7839100DA33D7 /* Products */;
			projectDirPath = "";
			projectRoot = "";
			targets = (
				7AE17B4A20C7839100DA33D7 /* Calculate-Text-Size */,
				7AE17B5E20C7839200DA33D7 /* Calculate-Text-SizeTests */,
				7AE17B6920C7839200DA33D7 /* Calculate-Text-SizeUITests */,
			);
		};
/* End PBXProject section */

/* Begin PBXResourcesBuildPhase section */
		7AE17B4920C7839100DA33D7 /* Resources */ = {
			isa = PBXResourcesBuildPhase;
			buildActionMask = 2147483647;
			files = (
				7AE17B5920C7839200DA33D7 /* LaunchScreen.storyboard in Resources */,
				7AE17B5620C7839200DA33D7 /* Assets.xcassets in Resources */,
				7AE17B5420C7839100DA33D7 /* Main.storyboard in Resources */,
			);
			runOnlyForDeploymentPostprocessing = 0;
		};
		7AE17B5D20C7839200DA33D7 /* Resources */ = {
			isa = PBXResourcesBuildPhase;
			buildActionMask = 2147483647;
			files = (
			);
			runOnlyForDeploymentPostprocessing = 0;
		};
		7AE17B6820C7839200DA33D7 /* Resources */ = {
			isa = PBXResourcesBuildPhase;
			buildActionMask = 2147483647;
			files = (
			);
			runOnlyForDeploymentPostprocessing = 0;
		};
/* End PBXResourcesBuildPhase section */

/* Begin PBXSourcesBuildPhase section */
		7AE17B4720C7839100DA33D7 /* Sources */ = {
			isa = PBXSourcesBuildPhase;
			buildActionMask = 2147483647;
			files = (
				7AE17B5120C7839100DA33D7 /* MainViewController.swift in Sources */,
				7AE17B4F20C7839100DA33D7 /* AppDelegate.swift in Sources */,
				7AE17B7D20C7F0D000DA33D7 /* String+XWExtesion.swift in Sources */,
			);
			runOnlyForDeploymentPostprocessing = 0;
		};
		7AE17B5B20C7839200DA33D7 /* Sources */ = {
			isa = PBXSourcesBuildPhase;
			buildActionMask = 2147483647;
			files = (
				7AE17B6420C7839200DA33D7 /* Calculate_Text_SizeTests.swift in Sources */,
			);
			runOnlyForDeploymentPostprocessing = 0;
		};
		7AE17B6620C7839200DA33D7 /* Sources */ = {
			isa = PBXSourcesBuildPhase;
			buildActionMask = 2147483647;
			files = (
				7AE17B6F20C7839200DA33D7 /* Calculate_Text_SizeUITests.swift in Sources */,
			);
			runOnlyForDeploymentPostprocessing = 0;
		};
/* End PBXSourcesBuildPhase section */

/* Begin PBXTargetDependency section */
		7AE17B6120C7839200DA33D7 /* PBXTargetDependency */ = {
			isa = PBXTargetDependency;
			target = 7AE17B4A20C7839100DA33D7 /* Calculate-Text-Size */;
			targetProxy = 7AE17B6020C7839200DA33D7 /* PBXContainerItemProxy */;
		};
		7AE17B6C20C7839200DA33D7 /* PBXTargetDependency */ = {
			isa = PBXTargetDependency;
			target = 7AE17B4A20C7839100DA33D7 /* Calculate-Text-Size */;
			targetProxy = 7AE17B6B20C7839200DA33D7 /* PBXContainerItemProxy */;
		};
/* End PBXTargetDependency section */

/* Begin PBXVariantGroup section */
		7AE17B5220C7839100DA33D7 /* Main.storyboard */ = {
			isa = PBXVariantGroup;
			children = (
				7AE17B5320C7839100DA33D7 /* Base */,
			);
			name = Main.storyboard;
			sourceTree = "<group>";
		};
		7AE17B5720C7839200DA33D7 /* LaunchScreen.storyboard */ = {
			isa = PBXVariantGroup;
			children = (
				7AE17B5820C7839200DA33D7 /* Base */,
			);
			name = LaunchScreen.storyboard;
			sourceTree = "<group>";
		};
/* End PBXVariantGroup section */

/* Begin XCBuildConfiguration section */
		7AE17B7120C7839200DA33D7 /* Debug */ = {
			isa = XCBuildConfiguration;
			buildSettings = {
				ALWAYS_SEARCH_USER_PATHS = NO;
				CLANG_ANALYZER_NONNULL = YES;
				CLANG_ANALYZER_NUMBER_OBJECT_CONVERSION = YES_AGGRESSIVE;
				CLANG_CXX_LANGUAGE_STANDARD = "gnu++14";
				CLANG_CXX_LIBRARY = "libc++";
				CLANG_ENABLE_MODULES = YES;
				CLANG_ENABLE_OBJC_ARC = YES;
				CLANG_ENABLE_OBJC_WEAK = YES;
				CLANG_WARN_BLOCK_CAPTURE_AUTORELEASING = YES;
				CLANG_WARN_BOOL_CONVERSION = YES;
				CLANG_WARN_COMMA = YES;
				CLANG_WARN_CONSTANT_CONVERSION = YES;
				CLANG_WARN_DEPRECATED_OBJC_IMPLEMENTATIONS = YES;
				CLANG_WARN_DIRECT_OBJC_ISA_USAGE = YES_ERROR;
				CLANG_WARN_DOCUMENTATION_COMMENTS = YES;
				CLANG_WARN_EMPTY_BODY = YES;
				CLANG_WARN_ENUM_CONVERSION = YES;
				CLANG_WARN_INFINITE_RECURSION = YES;
				CLANG_WARN_INT_CONVERSION = YES;
				CLANG_WARN_NON_LITERAL_NULL_CONVERSION = YES;
				CLANG_WARN_OBJC_IMPLICIT_RETAIN_SELF = YES;
				CLANG_WARN_OBJC_LITERAL_CONVERSION = YES;
				CLANG_WARN_OBJC_ROOT_CLASS = YES_ERROR;
				CLANG_WARN_RANGE_LOOP_ANALYSIS = YES;
				CLANG_WARN_STRICT_PROTOTYPES = YES;
				CLANG_WARN_SUSPICIOUS_MOVE = YES;
				CLANG_WARN_UNGUARDED_AVAILABILITY = YES_AGGRESSIVE;
				CLANG_WARN_UNREACHABLE_CODE = YES;
				CLANG_WARN__DUPLICATE_METHOD_MATCH = YES;
				CODE_SIGN_IDENTITY = "iPhone Developer";
				COPY_PHASE_STRIP = NO;
				DEBUG_INFORMATION_FORMAT = dwarf;
				ENABLE_STRICT_OBJC_MSGSEND = YES;
				ENABLE_TESTABILITY = YES;
				GCC_C_LANGUAGE_STANDARD = gnu11;
				GCC_DYNAMIC_NO_PIC = NO;
				GCC_NO_COMMON_BLOCKS = YES;
				GCC_OPTIMIZATION_LEVEL = 0;
				GCC_PREPROCESSOR_DEFINITIONS = (
					"DEBUG=1",
					"$(inherited)",
				);
				GCC_WARN_64_TO_32_BIT_CONVERSION = YES;
				GCC_WARN_ABOUT_RETURN_TYPE = YES_ERROR;
				GCC_WARN_UNDECLARED_SELECTOR = YES;
				GCC_WARN_UNINITIALIZED_AUTOS = YES_AGGRESSIVE;
				GCC_WARN_UNUSED_FUNCTION = YES;
				GCC_WARN_UNUSED_VARIABLE = YES;
				IPHONEOS_DEPLOYMENT_TARGET = 11.0;
				MTL_ENABLE_DEBUG_INFO = YES;
				ONLY_ACTIVE_ARCH = YES;
				SDKROOT = iphoneos;
				SWIFT_ACTIVE_COMPILATION_CONDITIONS = DEBUG;
				SWIFT_OPTIMIZATION_LEVEL = "-Onone";
			};
			name = Debug;
		};
		7AE17B7220C7839200DA33D7 /* Release */ = {
			isa = XCBuildConfiguration;
			buildSettings = {
				ALWAYS_SEARCH_USER_PATHS = NO;
				CLANG_ANALYZER_NONNULL = YES;
				CLANG_ANALYZER_NUMBER_OBJECT_CONVERSION = YES_AGGRESSIVE;
				CLANG_CXX_LANGUAGE_STANDARD = "gnu++14";
				CLANG_CXX_LIBRARY = "libc++";
				CLANG_ENABLE_MODULES = YES;
				CLANG_ENABLE_OBJC_ARC = YES;
				CLANG_ENABLE_OBJC_WEAK = YES;
				CLANG_WARN_BLOCK_CAPTURE_AUTORELEASING = YES;
				CLANG_WARN_BOOL_CONVERSION = YES;
				CLANG_WARN_COMMA = YES;
				CLANG_WARN_CONSTANT_CONVERSION = YES;
				CLANG_WARN_DEPRECATED_OBJC_IMPLEMENTATIONS = YES;
				CLANG_WARN_DIRECT_OBJC_ISA_USAGE = YES_ERROR;
				CLANG_WARN_DOCUMENTATION_COMMENTS = YES;
				CLANG_WARN_EMPTY_BODY = YES;
				CLANG_WARN_ENUM_CONVERSION = YES;
				CLANG_WARN_INFINITE_RECURSION = YES;
				CLANG_WARN_INT_CONVERSION = YES;
				CLANG_WARN_NON_LITERAL_NULL_CONVERSION = YES;
				CLANG_WARN_OBJC_IMPLICIT_RETAIN_SELF = YES;
				CLANG_WARN_OBJC_LITERAL_CONVERSION = YES;
				CLANG_WARN_OBJC_ROOT_CLASS = YES_ERROR;
				CLANG_WARN_RANGE_LOOP_ANALYSIS = YES;
				CLANG_WARN_STRICT_PROTOTYPES = YES;
				CLANG_WARN_SUSPICIOUS_MOVE = YES;
				CLANG_WARN_UNGUARDED_AVAILABILITY = YES_AGGRESSIVE;
				CLANG_WARN_UNREACHABLE_CODE = YES;
				CLANG_WARN__DUPLICATE_METHOD_MATCH = YES;
				CODE_SIGN_IDENTITY = "iPhone Developer";
				COPY_PHASE_STRIP = NO;
				DEBUG_INFORMATION_FORMAT = "dwarf-with-dsym";
				ENABLE_NS_ASSERTIONS = NO;
				ENABLE_STRICT_OBJC_MSGSEND = YES;
				GCC_C_LANGUAGE_STANDARD = gnu11;
				GCC_NO_COMMON_BLOCKS = YES;
				GCC_WARN_64_TO_32_BIT_CONVERSION = YES;
				GCC_WARN_ABOUT_RETURN_TYPE = YES_ERROR;
				GCC_WARN_UNDECLARED_SELECTOR = YES;
				GCC_WARN_UNINITIALIZED_AUTOS = YES_AGGRESSIVE;
				GCC_WARN_UNUSED_FUNCTION = YES;
				GCC_WARN_UNUSED_VARIABLE = YES;
				IPHONEOS_DEPLOYMENT_TARGET = 11.0;
				MTL_ENABLE_DEBUG_INFO = NO;
				SDKROOT = iphoneos;
				SWIFT_COMPILATION_MODE = wholemodule;
				SWIFT_OPTIMIZATION_LEVEL = "-O";
				VALIDATE_PRODUCT = YES;
			};
			name = Release;
		};
		7AE17B7420C7839200DA33D7 /* Debug */ = {
			isa = XCBuildConfiguration;
			buildSettings = {
				ASSETCATALOG_COMPILER_APPICON_NAME = AppIcon;
				CODE_SIGN_STYLE = Automatic;
				INFOPLIST_FILE = "Calculate-Text-Size/Info.plist";
				LD_RUNPATH_SEARCH_PATHS = (
					"$(inherited)",
					"@executable_path/Frameworks",
				);
				PRODUCT_BUNDLE_IDENTIFIER = "come.xiaowei.Calculate-Text-Size";
				PRODUCT_NAME = "$(TARGET_NAME)";
				SWIFT_VERSION = 4.0;
				TARGETED_DEVICE_FAMILY = "1,2";
			};
			name = Debug;
		};
		7AE17B7520C7839200DA33D7 /* Release */ = {
			isa = XCBuildConfiguration;
			buildSettings = {
				ASSETCATALOG_COMPILER_APPICON_NAME = AppIcon;
				CODE_SIGN_STYLE = Automatic;
				INFOPLIST_FILE = "Calculate-Text-Size/Info.plist";
				LD_RUNPATH_SEARCH_PATHS = (
					"$(inherited)",
					"@executable_path/Frameworks",
				);
				PRODUCT_BUNDLE_IDENTIFIER = "come.xiaowei.Calculate-Text-Size";
				PRODUCT_NAME = "$(TARGET_NAME)";
				SWIFT_VERSION = 4.0;
				TARGETED_DEVICE_FAMILY = "1,2";
			};
			name = Release;
		};
		7AE17B7720C7839200DA33D7 /* Debug */ = {
			isa = XCBuildConfiguration;
			buildSettings = {
				ALWAYS_EMBED_SWIFT_STANDARD_LIBRARIES = YES;
				BUNDLE_LOADER = "$(TEST_HOST)";
				CODE_SIGN_STYLE = Automatic;
				INFOPLIST_FILE = "Calculate-Text-SizeTests/Info.plist";
				LD_RUNPATH_SEARCH_PATHS = (
					"$(inherited)",
					"@executable_path/Frameworks",
					"@loader_path/Frameworks",
				);
				PRODUCT_BUNDLE_IDENTIFIER = "come.xiaowei.Calculate-Text-SizeTests";
				PRODUCT_NAME = "$(TARGET_NAME)";
				SWIFT_VERSION = 4.0;
				TARGETED_DEVICE_FAMILY = "1,2";
				TEST_HOST = "$(BUILT_PRODUCTS_DIR)/Calculate-Text-Size.app/Calculate-Text-Size";
			};
			name = Debug;
		};
		7AE17B7820C7839200DA33D7 /* Release */ = {
			isa = XCBuildConfiguration;
			buildSettings = {
				ALWAYS_EMBED_SWIFT_STANDARD_LIBRARIES = YES;
				BUNDLE_LOADER = "$(TEST_HOST)";
				CODE_SIGN_STYLE = Automatic;
				INFOPLIST_FILE = "Calculate-Text-SizeTests/Info.plist";
				LD_RUNPATH_SEARCH_PATHS = (
					"$(inherited)",
					"@executable_path/Frameworks",
					"@loader_path/Frameworks",
				);
				PRODUCT_BUNDLE_IDENTIFIER = "come.xiaowei.Calculate-Text-SizeTests";
				PRODUCT_NAME = "$(TARGET_NAME)";
				SWIFT_VERSION = 4.0;
				TARGETED_DEVICE_FAMILY = "1,2";
				TEST_HOST = "$(BUILT_PRODUCTS_DIR)/Calculate-Text-Size.app/Calculate-Text-Size";
			};
			name = Release;
		};
		7AE17B7A20C7839200DA33D7 /* Debug */ = {
			isa = XCBuildConfiguration;
			buildSettings = {
				ALWAYS_EMBED_SWIFT_STANDARD_LIBRARIES = YES;
				CODE_SIGN_STYLE = Automatic;
				INFOPLIST_FILE = "Calculate-Text-SizeUITests/Info.plist";
				LD_RUNPATH_SEARCH_PATHS = (
					"$(inherited)",
					"@executable_path/Frameworks",
					"@loader_path/Frameworks",
				);
				PRODUCT_BUNDLE_IDENTIFIER = "come.xiaowei.Calculate-Text-SizeUITests";
				PRODUCT_NAME = "$(TARGET_NAME)";
				SWIFT_VERSION = 4.0;
				TARGETED_DEVICE_FAMILY = "1,2";
				TEST_TARGET_NAME = "Calculate-Text-Size";
			};
			name = Debug;
		};
		7AE17B7B20C7839200DA33D7 /* Release */ = {
			isa = XCBuildConfiguration;
			buildSettings = {
				ALWAYS_EMBED_SWIFT_STANDARD_LIBRARIES = YES;
				CODE_SIGN_STYLE = Automatic;
				INFOPLIST_FILE = "Calculate-Text-SizeUITests/Info.plist";
				LD_RUNPATH_SEARCH_PATHS = (
					"$(inherited)",
					"@executable_path/Frameworks",
					"@loader_path/Frameworks",
				);
				PRODUCT_BUNDLE_IDENTIFIER = "come.xiaowei.Calculate-Text-SizeUITests";
				PRODUCT_NAME = "$(TARGET_NAME)";
				SWIFT_VERSION = 4.0;
				TARGETED_DEVICE_FAMILY = "1,2";
				TEST_TARGET_NAME = "Calculate-Text-Size";
			};
			name = Release;
		};
/* End XCBuildConfiguration section */

/* Begin XCConfigurationList section */
		7AE17B4620C7839100DA33D7 /* Build configuration list for PBXProject "Calculate-Text-Size" */ = {
			isa = XCConfigurationList;
			buildConfigurations = (
				7AE17B7120C7839200DA33D7 /* Debug */,
				7AE17B7220C7839200DA33D7 /* Release */,
			);
			defaultConfigurationIsVisible = 0;
			defaultConfigurationName = Release;
		};
		7AE17B7320C7839200DA33D7 /* Build configuration list for PBXNativeTarget "Calculate-Text-Size" */ = {
			isa = XCConfigurationList;
			buildConfigurations = (
				7AE17B7420C7839200DA33D7 /* Debug */,
				7AE17B7520C7839200DA33D7 /* Release */,
			);
			defaultConfigurationIsVisible = 0;
			defaultConfigurationName = Release;
		};
		7AE17B7620C7839200DA33D7 /* Build configuration list for PBXNativeTarget "Calculate-Text-SizeTests" */ = {
			isa = XCConfigurationList;
			buildConfigurations = (
				7AE17B7720C7839200DA33D7 /* Debug */,
				7AE17B7820C7839200DA33D7 /* Release */,
			);
			defaultConfigurationIsVisible = 0;
			defaultConfigurationName = Release;
		};
		7AE17B7920C7839200DA33D7 /* Build configuration list for PBXNativeTarget "Calculate-Text-SizeUITests" */ = {
			isa = XCConfigurationList;
			buildConfigurations = (
				7AE17B7A20C7839200DA33D7 /* Debug */,
				7AE17B7B20C7839200DA33D7 /* Release */,
			);
			defaultConfigurationIsVisible = 0;
			defaultConfigurationName = Release;
		};
/* End XCConfigurationList section */
	};
	rootObject = 7AE17B4320C7839100DA33D7 /* Project object */;
}
